{
  "name": "avalanche-estate-map",
  "version": "0.1.0",
  "lockfileVersion": 3,
  "requires": true,
  "packages": {
    "": {
      "name": "avalanche-estate-map",
      "version": "0.1.0",
      "license": "Apache-2.0",
      "engines": {
        "node": ">=22.13"
      },
      "bin": {
        "avalanche-estate": "bin/avalanche-estate.mjs"
      }
    }
  }
}
